
Microsoft Visual Studio Solution File, Format Version 12.00
# Visual Studio 15
VisualStudioVersion = 15.0.28010.2048
MinimumVisualStudioVersion = 10.0.40219.1
Project("{FAE04EC0-301F-11D3-BF4B-00C04F79EFBC}") = "MyVitarak", "MyVitarak\MyVitarak.csproj", "{7EE53B82-F514-4F1A-8A65-A781FC7D3F4C}"
EndProject
Global
	GlobalSection(SolutionConfigurationPlatforms) = preSolution
		Debug|Any CPU = Debug|Any CPU
		Release|Any CPU = Release|Any CPU
	EndGlobalSection
	GlobalSection(ProjectConfigurationPlatforms) = postSolution
		{7EE53B82-F514-4F1A-8A65-A781FC7D3F4C}.Debug|Any CPU.ActiveCfg = Debug|Any CPU
		{7EE53B82-F514-4F1A-8A65-A781FC7D3F4C}.Debug|Any CPU.Build.0 = Debug|Any CPU
		{7EE53B82-F514-4F1A-8A65-A781FC7D3F4C}.Release|Any CPU.ActiveCfg = Release|Any CPU
		{7EE53B82-F514-4F1A-8A65-A781FC7D3F4C}.Release|Any CPU.Build.0 = Release|Any CPU
	EndGlobalSection
	GlobalSection(SolutionProperties) = preSolution
		HideSolutionNode = FALSE
	EndGlobalSection
	GlobalSection(ExtensibilityGlobals) = postSolution
		SolutionGuid = {4B53C51A-AD49-4EED-82C2-2B7A62E0B872}
	EndGlobalSection
EndGlobal
